// !$*UTF8*$!
{
	archiveVersion = 1;
	classes = {
	};
	objectVersion = 55;
	objects = {

/* Begin PBXBuildFile section */
		C4AFFE0B27FA6723004EEED4 /* walk_the_dogsApp.swift in Sources */ = {isa = PBXBuildFile; fileRef = C4AFFE0A27FA6723004EEED4 /* walk_the_dogsApp.swift */; };
		C4AFFE0D27FA6723004EEED4 /* ContentView.swift in Sources */ = {isa = PBXBuildFile; fileRef = C4AFFE0C27FA6723004EEED4 /* ContentView.swift */; };
		C4AFFE0F27FA6724004EEED4 /* Assets.xcassets in Resources */ = {isa = PBXBuildFile; fileRef = C4AFFE0E27FA6724004EEED4 /* Assets.xcassets */; };
		C4AFFE1227FA6724004EEED4 /* Preview Assets.xcassets in Resources */ = {isa = PBXBuildFile; fileRef = C4AFFE1127FA6724004EEED4 /* Preview Assets.xcassets */; };
		C4AFFE1927FA6786004EEED4 /* MessagesManager.swift in Sources */ = {isa = PBXBuildFile; fileRef = C4AFFE1827FA6786004EEED4 /* MessagesManager.swift */; };
		C4AFFE1C27FA67F1004EEED4 /* FirebaseAuth in Frameworks */ = {isa = PBXBuildFile; productRef = C4AFFE1B27FA67F1004EEED4 /* FirebaseAuth */; };
		C4AFFE1E27FA67F1004EEED4 /* FirebaseFirestore in Frameworks */ = {isa = PBXBuildFile; productRef = C4AFFE1D27FA67F1004EEED4 /* FirebaseFirestore */; };
		C4AFFE2027FA67F1004EEED4 /* FirebaseFirestoreSwift-Beta in Frameworks */ = {isa = PBXBuildFile; productRef = C4AFFE1F27FA67F1004EEED4 /* FirebaseFirestoreSwift-Beta */; };
		C4AFFE2327FA6828004EEED4 /* Message.swift in Sources */ = {isa = PBXBuildFile; fileRef = C4AFFE2227FA6828004EEED4 /* Message.swift */; };
		C4AFFE2627FA685D004EEED4 /* TitleRow.swift in Sources */ = {isa = PBXBuildFile; fileRef = C4AFFE2527FA685D004EEED4 /* TitleRow.swift */; };
		C4AFFE2827FA6872004EEED4 /* MessageField.swift in Sources */ = {isa = PBXBuildFile; fileRef = C4AFFE2727FA6872004EEED4 /* MessageField.swift */; };
		C4AFFE2A27FA6883004EEED4 /* MessageBubble.swift in Sources */ = {isa = PBXBuildFile; fileRef = C4AFFE2927FA6883004EEED4 /* MessageBubble.swift */; };
		C4AFFE2C27FA68A0004EEED4 /* Extensions.swift in Sources */ = {isa = PBXBuildFile; fileRef = C4AFFE2B27FA68A0004EEED4 /* Extensions.swift */; };
		C4AFFE2E27FA6B78004EEED4 /* GoogleService-Info.plist in Resources */ = {isa = PBXBuildFile; fileRef = C4AFFE2D27FA6B78004EEED4 /* GoogleService-Info.plist */; };
		C4AFFE3127FA6F0B004EEED4 /* LocationManager.swift in Sources */ = {isa = PBXBuildFile; fileRef = C4AFFE3027FA6F0B004EEED4 /* LocationManager.swift */; };
		C4AFFE3327FA7108004EEED4 /* WeatherView.swift in Sources */ = {isa = PBXBuildFile; fileRef = C4AFFE3227FA7108004EEED4 /* WeatherView.swift */; };
		C4AFFE3527FA717B004EEED4 /* WelcomeView.swift in Sources */ = {isa = PBXBuildFile; fileRef = C4AFFE3427FA717B004EEED4 /* WelcomeView.swift */; };
		C4AFFE3727FA742B004EEED4 /* LoadingView.swift in Sources */ = {isa = PBXBuildFile; fileRef = C4AFFE3627FA742B004EEED4 /* LoadingView.swift */; };
		C4AFFE3927FA7525004EEED4 /* WeatherManager.swift in Sources */ = {isa = PBXBuildFile; fileRef = C4AFFE3827FA7525004EEED4 /* WeatherManager.swift */; };
		C4AFFE3B27FA7B2E004EEED4 /* WeatherDataView.swift in Sources */ = {isa = PBXBuildFile; fileRef = C4AFFE3A27FA7B2E004EEED4 /* WeatherDataView.swift */; };
		C4AFFE3D27FA7C37004EEED4 /* ModelData.swift in Sources */ = {isa = PBXBuildFile; fileRef = C4AFFE3C27FA7C37004EEED4 /* ModelData.swift */; };
		C4AFFE3F27FA7CA7004EEED4 /* weatherData.json in Resources */ = {isa = PBXBuildFile; fileRef = C4AFFE3E27FA7CA7004EEED4 /* weatherData.json */; };
		C4AFFE4127FA7F1F004EEED4 /* WeatherRow.swift in Sources */ = {isa = PBXBuildFile; fileRef = C4AFFE4027FA7F1E004EEED4 /* WeatherRow.swift */; };
		C4AFFE4527FA84C6004EEED4 /* MessageView.swift in Sources */ = {isa = PBXBuildFile; fileRef = C4AFFE4427FA84C6004EEED4 /* MessageView.swift */; };
		C4AFFE4727FA8575004EEED4 /* ViewRouter.swift in Sources */ = {isa = PBXBuildFile; fileRef = C4AFFE4627FA8575004EEED4 /* ViewRouter.swift */; };
		C4AFFE4927FA85C2004EEED4 /* Page.swift in Sources */ = {isa = PBXBuildFile; fileRef = C4AFFE4827FA85C2004EEED4 /* Page.swift */; };
		C4AFFE4B27FA860E004EEED4 /* RegisterView.swift in Sources */ = {isa = PBXBuildFile; fileRef = C4AFFE4A27FA860D004EEED4 /* RegisterView.swift */; };
		C4AFFE4D27FA862A004EEED4 /* LoginView.swift in Sources */ = {isa = PBXBuildFile; fileRef = C4AFFE4C27FA862A004EEED4 /* LoginView.swift */; };
		C4AFFE4F27FA8695004EEED4 /* HomeView.swift in Sources */ = {isa = PBXBuildFile; fileRef = C4AFFE4E27FA8695004EEED4 /* HomeView.swift */; };
		C4CEB94228033CC200B9110F /* HealthStore.swift in Sources */ = {isa = PBXBuildFile; fileRef = C4CEB94128033CC200B9110F /* HealthStore.swift */; };
		C4CEB94428033DE800B9110F /* HealthView.swift in Sources */ = {isa = PBXBuildFile; fileRef = C4CEB94328033DE800B9110F /* HealthView.swift */; };
		C4CEB9482803439400B9110F /* HealthKit.framework in Frameworks */ = {isa = PBXBuildFile; fileRef = C4CEB9472803439400B9110F /* HealthKit.framework */; };
		C4CEB94A280397A200B9110F /* Step.swift in Sources */ = {isa = PBXBuildFile; fileRef = C4CEB949280397A200B9110F /* Step.swift */; };
		C4CEB94D2803A43100B9110F /* NotificationBannerSwift in Frameworks */ = {isa = PBXBuildFile; productRef = C4CEB94C2803A43100B9110F /* NotificationBannerSwift */; };
		C4CEB94F2803A49400B9110F /* NotificationView.swift in Sources */ = {isa = PBXBuildFile; fileRef = C4CEB94E2803A49400B9110F /* NotificationView.swift */; };
		C4CEB9522803B1C600B9110F /* corgi.jpg in Resources */ = {isa = PBXBuildFile; fileRef = C4CEB9512803B1C600B9110F /* corgi.jpg */; };
		C4CEB9552803C06F00B9110F /* TodoListView.swift in Sources */ = {isa = PBXBuildFile; fileRef = C4CEB9542803C06F00B9110F /* TodoListView.swift */; };
		C4CEB9572803C0CC00B9110F /* TodoListInfo.swift in Sources */ = {isa = PBXBuildFile; fileRef = C4CEB9562803C0CC00B9110F /* TodoListInfo.swift */; };
		C4CEB9592803C0F600B9110F /* Priority.swift in Sources */ = {isa = PBXBuildFile; fileRef = C4CEB9582803C0F600B9110F /* Priority.swift */; };
		C4CEB95B2803C14D00B9110F /* TodoListViewModel.swift in Sources */ = {isa = PBXBuildFile; fileRef = C4CEB95A2803C14D00B9110F /* TodoListViewModel.swift */; };
		C4CEB95D2803C1B300B9110F /* ListItemView.swift in Sources */ = {isa = PBXBuildFile; fileRef = C4CEB95C2803C1B300B9110F /* ListItemView.swift */; };
		C4CEB95F2803C1E900B9110F /* AddEditTodoView.swift in Sources */ = {isa = PBXBuildFile; fileRef = C4CEB95E2803C1E900B9110F /* AddEditTodoView.swift */; };
/* End PBXBuildFile section */

/* Begin PBXFileReference section */
		C4AFFE0727FA6723004EEED4 /* walk_the_dogs.app */ = {isa = PBXFileReference; explicitFileType = wrapper.application; includeInIndex = 0; path = walk_the_dogs.app; sourceTree = BUILT_PRODUCTS_DIR; };
		C4AFFE0A27FA6723004EEED4 /* walk_the_dogsApp.swift */ = {isa = PBXFileReference; lastKnownFileType = sourcecode.swift; path = walk_the_dogsApp.swift; sourceTree = "<group>"; };
		C4AFFE0C27FA6723004EEED4 /* ContentView.swift */ = {isa = PBXFileReference; lastKnownFileType = sourcecode.swift; path = ContentView.swift; sourceTree = "<group>"; };
		C4AFFE0E27FA6724004EEED4 /* Assets.xcassets */ = {isa = PBXFileReference; lastKnownFileType = folder.assetcatalog; path = Assets.xcassets; sourceTree = "<group>"; };
		C4AFFE1127FA6724004EEED4 /* Preview Assets.xcassets */ = {isa = PBXFileReference; lastKnownFileType = folder.assetcatalog; path = "Preview Assets.xcassets"; sourceTree = "<group>"; };
		C4AFFE1827FA6786004EEED4 /* MessagesManager.swift */ = {isa = PBXFileReference; lastKnownFileType = sourcecode.swift; path = MessagesManager.swift; sourceTree = "<group>"; };
		C4AFFE2227FA6828004EEED4 /* Message.swift */ = {isa = PBXFileReference; lastKnownFileType = sourcecode.swift; path = Message.swift; sourceTree = "<group>"; };
		C4AFFE2527FA685D004EEED4 /* TitleRow.swift */ = {isa = PBXFileReference; lastKnownFileType = sourcecode.swift; path = TitleRow.swift; sourceTree = "<group>"; };
		C4AFFE2727FA6872004EEED4 /* MessageField.swift */ = {isa = PBXFileReference; lastKnownFileType = sourcecode.swift; path = MessageField.swift; sourceTree = "<group>"; };
		C4AFFE2927FA6883004EEED4 /* MessageBubble.swift */ = {isa = PBXFileReference; lastKnownFileType = sourcecode.swift; path = MessageBubble.swift; sourceTree = "<group>"; };
		C4AFFE2B27FA68A0004EEED4 /* Extensions.swift */ = {isa = PBXFileReference; lastKnownFileType = sourcecode.swift; path = Extensions.swift; sourceTree = "<group>"; };
		C4AFFE2D27FA6B78004EEED4 /* GoogleService-Info.plist */ = {isa = PBXFileReference; fileEncoding = 4; lastKnownFileType = text.plist.xml; path = "GoogleService-Info.plist"; sourceTree = "<group>"; };
		C4AFFE3027FA6F0B004EEED4 /* LocationManager.swift */ = {isa = PBXFileReference; lastKnownFileType = sourcecode.swift; path = LocationManager.swift; sourceTree = "<group>"; };
		C4AFFE3227FA7108004EEED4 /* WeatherView.swift */ = {isa = PBXFileReference; lastKnownFileType = sourcecode.swift; path = WeatherView.swift; sourceTree = "<group>"; };
		C4AFFE3427FA717B004EEED4 /* WelcomeView.swift */ = {isa = PBXFileReference; lastKnownFileType = sourcecode.swift; path = WelcomeView.swift; sourceTree = "<group>"; };
		C4AFFE3627FA742B004EEED4 /* LoadingView.swift */ = {isa = PBXFileReference; lastKnownFileType = sourcecode.swift; path = LoadingView.swift; sourceTree = "<group>"; };
		C4AFFE3827FA7525004EEED4 /* WeatherManager.swift */ = {isa = PBXFileReference; lastKnownFileType = sourcecode.swift; path = WeatherManager.swift; sourceTree = "<group>"; };
		C4AFFE3A27FA7B2E004EEED4 /* WeatherDataView.swift */ = {isa = PBXFileReference; lastKnownFileType = sourcecode.swift; path = WeatherDataView.swift; sourceTree = "<group>"; };
		C4AFFE3C27FA7C37004EEED4 /* ModelData.swift */ = {isa = PBXFileReference; lastKnownFileType = sourcecode.swift; path = ModelData.swift; sourceTree = "<group>"; };
		C4AFFE3E27FA7CA7004EEED4 /* weatherData.json */ = {isa = PBXFileReference; lastKnownFileType = text.json; path = weatherData.json; sourceTree = "<group>"; };
		C4AFFE4027FA7F1E004EEED4 /* WeatherRow.swift */ = {isa = PBXFileReference; lastKnownFileType = sourcecode.swift; path = WeatherRow.swift; sourceTree = "<group>"; };
		C4AFFE4427FA84C6004EEED4 /* MessageView.swift */ = {isa = PBXFileReference; lastKnownFileType = sourcecode.swift; path = MessageView.swift; sourceTree = "<group>"; };
		C4AFFE4627FA8575004EEED4 /* ViewRouter.swift */ = {isa = PBXFileReference; lastKnownFileType = sourcecode.swift; path = ViewRouter.swift; sourceTree = "<group>"; };
		C4AFFE4827FA85C2004EEED4 /* Page.swift */ = {isa = PBXFileReference; lastKnownFileType = sourcecode.swift; path = Page.swift; sourceTree = "<group>"; };
		C4AFFE4A27FA860D004EEED4 /* RegisterView.swift */ = {isa = PBXFileReference; lastKnownFileType = sourcecode.swift; path = RegisterView.swift; sourceTree = "<group>"; };
		C4AFFE4C27FA862A004EEED4 /* LoginView.swift */ = {isa = PBXFileReference; lastKnownFileType = sourcecode.swift; path = LoginView.swift; sourceTree = "<group>"; };
		C4AFFE4E27FA8695004EEED4 /* HomeView.swift */ = {isa = PBXFileReference; lastKnownFileType = sourcecode.swift; path = HomeView.swift; sourceTree = "<group>"; };
		C4CEB94128033CC200B9110F /* HealthStore.swift */ = {isa = PBXFileReference; lastKnownFileType = sourcecode.swift; path = HealthStore.swift; sourceTree = "<group>"; };
		C4CEB94328033DE800B9110F /* HealthView.swift */ = {isa = PBXFileReference; lastKnownFileType = sourcecode.swift; path = HealthView.swift; sourceTree = "<group>"; };
		C4CEB9452803439400B9110F /* walk_the_dogs.entitlements */ = {isa = PBXFileReference; lastKnownFileType = text.plist.entitlements; path = walk_the_dogs.entitlements; sourceTree = "<group>"; };
		C4CEB9472803439400B9110F /* HealthKit.framework */ = {isa = PBXFileReference; lastKnownFileType = wrapper.framework; name = HealthKit.framework; path = System/Library/Frameworks/HealthKit.framework; sourceTree = SDKROOT; };
		C4CEB949280397A200B9110F /* Step.swift */ = {isa = PBXFileReference; lastKnownFileType = sourcecode.swift; path = Step.swift; sourceTree = "<group>"; };
		C4CEB94E2803A49400B9110F /* NotificationView.swift */ = {isa = PBXFileReference; lastKnownFileType = sourcecode.swift; path = NotificationView.swift; sourceTree = "<group>"; };
		C4CEB9512803B1C600B9110F /* corgi.jpg */ = {isa = PBXFileReference; lastKnownFileType = image.jpeg; path = corgi.jpg; sourceTree = "<group>"; };
		C4CEB9542803C06F00B9110F /* TodoListView.swift */ = {isa = PBXFileReference; lastKnownFileType = sourcecode.swift; path = TodoListView.swift; sourceTree = "<group>"; };
		C4CEB9562803C0CC00B9110F /* TodoListInfo.swift */ = {isa = PBXFileReference; lastKnownFileType = sourcecode.swift; path = TodoListInfo.swift; sourceTree = "<group>"; };
		C4CEB9582803C0F600B9110F /* Priority.swift */ = {isa = PBXFileReference; lastKnownFileType = sourcecode.swift; path = Priority.swift; sourceTree = "<group>"; };
		C4CEB95A2803C14D00B9110F /* TodoListViewModel.swift */ = {isa = PBXFileReference; lastKnownFileType = sourcecode.swift; path = TodoListViewModel.swift; sourceTree = "<group>"; };
		C4CEB95C2803C1B300B9110F /* ListItemView.swift */ = {isa = PBXFileReference; lastKnownFileType = sourcecode.swift; path = ListItemView.swift; sourceTree = "<group>"; };
		C4CEB95E2803C1E900B9110F /* AddEditTodoView.swift */ = {isa = PBXFileReference; lastKnownFileType = sourcecode.swift; path = AddEditTodoView.swift; sourceTree = "<group>"; };
/* End PBXFileReference section */

/* Begin PBXFrameworksBuildPhase section */
		C4AFFE0427FA6723004EEED4 /* Frameworks */ = {
			isa = PBXFrameworksBuildPhase;
			buildActionMask = 2147483647;
			files = (
				C4AFFE2027FA67F1004EEED4 /* FirebaseFirestoreSwift-Beta in Frameworks */,
				C4CEB9482803439400B9110F /* HealthKit.framework in Frameworks */,
				C4AFFE1C27FA67F1004EEED4 /* FirebaseAuth in Frameworks */,
				C4CEB94D2803A43100B9110F /* NotificationBannerSwift in Frameworks */,
				C4AFFE1E27FA67F1004EEED4 /* FirebaseFirestore in Frameworks */,
			);
			runOnlyForDeploymentPostprocessing = 0;
		};
/* End PBXFrameworksBuildPhase section */

/* Begin PBXGroup section */
		C4AFFDFE27FA6723004EEED4 = {
			isa = PBXGroup;
			children = (
				C4AFFE0927FA6723004EEED4 /* walk_the_dogs */,
				C4AFFE0827FA6723004EEED4 /* Products */,
				C4CEB9462803439400B9110F /* Frameworks */,
			);
			sourceTree = "<group>";
		};
		C4AFFE0827FA6723004EEED4 /* Products */ = {
			isa = PBXGroup;
			children = (
				C4AFFE0727FA6723004EEED4 /* walk_the_dogs.app */,
			);
			name = Products;
			sourceTree = "<group>";
		};
		C4AFFE0927FA6723004EEED4 /* walk_the_dogs */ = {
			isa = PBXGroup;
			children = (
				C4CEB9532803C04500B9110F /* Todo */,
				C4CEB9502803B13A00B9110F /* Resources */,
				C4CEB9452803439400B9110F /* walk_the_dogs.entitlements */,
				C4AFFE4327FA8494004EEED4 /* Messages */,
				C4AFFE4227FA847D004EEED4 /* Weather */,
				C4AFFE2F27FA6EF7004EEED4 /* Managers */,
				C4AFFE2427FA6848004EEED4 /* Components */,
				C4AFFE2127FA6816004EEED4 /* Models */,
				C4AFFE0C27FA6723004EEED4 /* ContentView.swift */,
				C4AFFE0E27FA6724004EEED4 /* Assets.xcassets */,
				C4AFFE1027FA6724004EEED4 /* Preview Content */,
				C4AFFE2B27FA68A0004EEED4 /* Extensions.swift */,
				C4AFFE2D27FA6B78004EEED4 /* GoogleService-Info.plist */,
				C4AFFE0A27FA6723004EEED4 /* walk_the_dogsApp.swift */,
				C4AFFE4627FA8575004EEED4 /* ViewRouter.swift */,
				C4AFFE4A27FA860D004EEED4 /* RegisterView.swift */,
				C4AFFE4C27FA862A004EEED4 /* LoginView.swift */,
				C4AFFE4E27FA8695004EEED4 /* HomeView.swift */,
				C4CEB94128033CC200B9110F /* HealthStore.swift */,
				C4CEB94328033DE800B9110F /* HealthView.swift */,
				C4CEB94E2803A49400B9110F /* NotificationView.swift */,
			);
			path = walk_the_dogs;
			sourceTree = "<group>";
		};
		C4AFFE1027FA6724004EEED4 /* Preview Content */ = {
			isa = PBXGroup;
			children = (
				C4AFFE1127FA6724004EEED4 /* Preview Assets.xcassets */,
				C4AFFE3C27FA7C37004EEED4 /* ModelData.swift */,
				C4AFFE3E27FA7CA7004EEED4 /* weatherData.json */,
			);
			path = "Preview Content";
			sourceTree = "<group>";
		};
		C4AFFE2127FA6816004EEED4 /* Models */ = {
			isa = PBXGroup;
			children = (
				C4AFFE2227FA6828004EEED4 /* Message.swift */,
				C4AFFE4827FA85C2004EEED4 /* Page.swift */,
				C4CEB949280397A200B9110F /* Step.swift */,
				C4CEB9562803C0CC00B9110F /* TodoListInfo.swift */,
				C4CEB9582803C0F600B9110F /* Priority.swift */,
				C4CEB95A2803C14D00B9110F /* TodoListViewModel.swift */,
			);
			path = Models;
			sourceTree = "<group>";
		};
		C4AFFE2427FA6848004EEED4 /* Components */ = {
			isa = PBXGroup;
			children = (
				C4AFFE2527FA685D004EEED4 /* TitleRow.swift */,
				C4AFFE2727FA6872004EEED4 /* MessageField.swift */,
				C4AFFE2927FA6883004EEED4 /* MessageBubble.swift */,
				C4AFFE4027FA7F1E004EEED4 /* WeatherRow.swift */,
			);
			name = Components;
			path = "New Group";
			sourceTree = "<group>";
		};
		C4AFFE2F27FA6EF7004EEED4 /* Managers */ = {
			isa = PBXGroup;
			children = (
				C4AFFE1827FA6786004EEED4 /* MessagesManager.swift */,
				C4AFFE3027FA6F0B004EEED4 /* LocationManager.swift */,
				C4AFFE3827FA7525004EEED4 /* WeatherManager.swift */,
			);
			path = Managers;
			sourceTree = "<group>";
		};
		C4AFFE4227FA847D004EEED4 /* Weather */ = {
			isa = PBXGroup;
			children = (
				C4AFFE3227FA7108004EEED4 /* WeatherView.swift */,
				C4AFFE3427FA717B004EEED4 /* WelcomeView.swift */,
				C4AFFE3627FA742B004EEED4 /* LoadingView.swift */,
				C4AFFE3A27FA7B2E004EEED4 /* WeatherDataView.swift */,
			);
			path = Weather;
			sourceTree = "<group>";
		};
		C4AFFE4327FA8494004EEED4 /* Messages */ = {
			isa = PBXGroup;
			children = (
				C4AFFE4427FA84C6004EEED4 /* MessageView.swift */,
			);
			path = Messages;
			sourceTree = "<group>";
		};
		C4CEB9462803439400B9110F /* Frameworks */ = {
			isa = PBXGroup;
			children = (
				C4CEB9472803439400B9110F /* HealthKit.framework */,
			);
			name = Frameworks;
			sourceTree = "<group>";
		};
		C4CEB9502803B13A00B9110F /* Resources */ = {
			isa = PBXGroup;
			children = (
				C4CEB9512803B1C600B9110F /* corgi.jpg */,
			);
			path = Resources;
			sourceTree = "<group>";
		};
		C4CEB9532803C04500B9110F /* Todo */ = {
			isa = PBXGroup;
			children = (
				C4CEB9542803C06F00B9110F /* TodoListView.swift */,
				C4CEB95C2803C1B300B9110F /* ListItemView.swift */,
				C4CEB95E2803C1E900B9110F /* AddEditTodoView.swift */,
			);
			path = Todo;
			sourceTree = "<group>";
		};
/* End PBXGroup section */

/* Begin PBXNativeTarget section */
		C4AFFE0627FA6723004EEED4 /* walk_the_dogs */ = {
			isa = PBXNativeTarget;
			buildConfigurationList = C4AFFE1527FA6725004EEED4 /* Build configuration list for PBXNativeTarget "walk_the_dogs" */;
			buildPhases = (
				C4AFFE0327FA6723004EEED4 /* Sources */,
				C4AFFE0427FA6723004EEED4 /* Frameworks */,
				C4AFFE0527FA6723004EEED4 /* Resources */,
			);
			buildRules = (
			);
			dependencies = (
			);
			name = walk_the_dogs;
			packageProductDependencies = (
				C4AFFE1B27FA67F1004EEED4 /* FirebaseAuth */,
				C4AFFE1D27FA67F1004EEED4 /* FirebaseFirestore */,
				C4AFFE1F27FA67F1004EEED4 /* FirebaseFirestoreSwift-Beta */,
				C4CEB94C2803A43100B9110F /* NotificationBannerSwift */,
			);
			productName = walk_the_dogs;
			productReference = C4AFFE0727FA6723004EEED4 /* walk_the_dogs.app */;
			productType = "com.apple.product-type.application";
		};
/* End PBXNativeTarget section */

/* Begin PBXProject section */
		C4AFFDFF27FA6723004EEED4 /* Project object */ = {
			isa = PBXProject;
			attributes = {
				BuildIndependentTargetsInParallel = 1;
				LastSwiftUpdateCheck = 1320;
				LastUpgradeCheck = 1320;
				TargetAttributes = {
					C4AFFE0627FA6723004EEED4 = {
						CreatedOnToolsVersion = 13.2.1;
					};
				};
			};
			buildConfigurationList = C4AFFE0227FA6723004EEED4 /* Build configuration list for PBXProject "walk_the_dogs" */;
			compatibilityVersion = "Xcode 13.0";
			developmentRegion = en;
			hasScannedForEncodings = 0;
			knownRegions = (
				en,
				Base,
			);
			mainGroup = C4AFFDFE27FA6723004EEED4;
			packageReferences = (
				C4AFFE1A27FA67F1004EEED4 /* XCRemoteSwiftPackageReference "firebase-ios-sdk" */,
				C4CEB94B2803A43100B9110F /* XCRemoteSwiftPackageReference "NotificationBanner" */,
			);
			productRefGroup = C4AFFE0827FA6723004EEED4 /* Products */;
			projectDirPath = "";
			projectRoot = "";
			targets = (
				C4AFFE0627FA6723004EEED4 /* walk_the_dogs */,
			);
		};
/* End PBXProject section */

/* Begin PBXResourcesBuildPhase section */
		C4AFFE0527FA6723004EEED4 /* Resources */ = {
			isa = PBXResourcesBuildPhase;
			buildActionMask = 2147483647;
			files = (
				C4CEB9522803B1C600B9110F /* corgi.jpg in Resources */,
				C4AFFE1227FA6724004EEED4 /* Preview Assets.xcassets in Resources */,
				C4AFFE0F27FA6724004EEED4 /* Assets.xcassets in Resources */,
				C4AFFE3F27FA7CA7004EEED4 /* weatherData.json in Resources */,
				C4AFFE2E27FA6B78004EEED4 /* GoogleService-Info.plist in Resources */,
			);
			runOnlyForDeploymentPostprocessing = 0;
		};
/* End PBXResourcesBuildPhase section */

/* Begin PBXSourcesBuildPhase section */
		C4AFFE0327FA6723004EEED4 /* Sources */ = {
			isa = PBXSourcesBuildPhase;
			buildActionMask = 2147483647;
			files = (
				C4CEB94A280397A200B9110F /* Step.swift in Sources */,
				C4AFFE0D27FA6723004EEED4 /* ContentView.swift in Sources */,
				C4AFFE4B27FA860E004EEED4 /* RegisterView.swift in Sources */,
				C4CEB94F2803A49400B9110F /* NotificationView.swift in Sources */,
				C4CEB95B2803C14D00B9110F /* TodoListViewModel.swift in Sources */,
				C4AFFE3B27FA7B2E004EEED4 /* WeatherDataView.swift in Sources */,
				C4CEB9552803C06F00B9110F /* TodoListView.swift in Sources */,
				C4AFFE3D27FA7C37004EEED4 /* ModelData.swift in Sources */,
				C4AFFE4127FA7F1F004EEED4 /* WeatherRow.swift in Sources */,
				C4AFFE4F27FA8695004EEED4 /* HomeView.swift in Sources */,
				C4AFFE2327FA6828004EEED4 /* Message.swift in Sources */,
				C4AFFE4527FA84C6004EEED4 /* MessageView.swift in Sources */,
				C4AFFE0B27FA6723004EEED4 /* walk_the_dogsApp.swift in Sources */,
				C4AFFE2C27FA68A0004EEED4 /* Extensions.swift in Sources */,
				C4AFFE3927FA7525004EEED4 /* WeatherManager.swift in Sources */,
				C4AFFE4727FA8575004EEED4 /* ViewRouter.swift in Sources */,
				C4CEB95F2803C1E900B9110F /* AddEditTodoView.swift in Sources */,
				C4CEB94428033DE800B9110F /* HealthView.swift in Sources */,
				C4AFFE2A27FA6883004EEED4 /* MessageBubble.swift in Sources */,
				C4AFFE3727FA742B004EEED4 /* LoadingView.swift in Sources */,
				C4AFFE4927FA85C2004EEED4 /* Page.swift in Sources */,
				C4AFFE3327FA7108004EEED4 /* WeatherView.swift in Sources */,
				C4AFFE4D27FA862A004EEED4 /* LoginView.swift in Sources */,
				C4AFFE3527FA717B004EEED4 /* WelcomeView.swift in Sources */,
				C4CEB9592803C0F600B9110F /* Priority.swift in Sources */,
				C4AFFE2627FA685D004EEED4 /* TitleRow.swift in Sources */,
				C4CEB95D2803C1B300B9110F /* ListItemView.swift in Sources */,
				C4AFFE2827FA6872004EEED4 /* MessageField.swift in Sources */,
				C4AFFE1927FA6786004EEED4 /* MessagesManager.swift in Sources */,
				C4CEB94228033CC200B9110F /* HealthStore.swift in Sources */,
				C4AFFE3127FA6F0B004EEED4 /* LocationManager.swift in Sources */,
				C4CEB9572803C0CC00B9110F /* TodoListInfo.swift in Sources */,
			);
			runOnlyForDeploymentPostprocessing = 0;
		};
/* End PBXSourcesBuildPhase section */

/* Begin XCBuildConfiguration section */
		C4AFFE1327FA6724004EEED4 /* Debug */ = {
			isa = XCBuildConfiguration;
			buildSettings = {
				ALWAYS_SEARCH_USER_PATHS = NO;
				CLANG_ANALYZER_NONNULL = YES;
				CLANG_ANALYZER_NUMBER_OBJECT_CONVERSION = YES_AGGRESSIVE;
				CLANG_CXX_LANGUAGE_STANDARD = "gnu++17";
				CLANG_CXX_LIBRARY = "libc++";
				CLANG_ENABLE_MODULES = YES;
				CLANG_ENABLE_OBJC_ARC = YES;
				CLANG_ENABLE_OBJC_WEAK = YES;
				CLANG_WARN_BLOCK_CAPTURE_AUTORELEASING = YES;
				CLANG_WARN_BOOL_CONVERSION = YES;
				CLANG_WARN_COMMA = YES;
				CLANG_WARN_CONSTANT_CONVERSION = YES;
				CLANG_WARN_DEPRECATED_OBJC_IMPLEMENTATIONS = YES;
				CLANG_WARN_DIRECT_OBJC_ISA_USAGE = YES_ERROR;
				CLANG_WARN_DOCUMENTATION_COMMENTS = YES;
				CLANG_WARN_EMPTY_BODY = YES;
				CLANG_WARN_ENUM_CONVERSION = YES;
				CLANG_WARN_INFINITE_RECURSION = YES;
				CLANG_WARN_INT_CONVERSION = YES;
				CLANG_WARN_NON_LITERAL_NULL_CONVERSION = YES;
				CLANG_WARN_OBJC_IMPLICIT_RETAIN_SELF = YES;
				CLANG_WARN_OBJC_LITERAL_CONVERSION = YES;
				CLANG_WARN_OBJC_ROOT_CLASS = YES_ERROR;
				CLANG_WARN_QUOTED_INCLUDE_IN_FRAMEWORK_HEADER = YES;
				CLANG_WARN_RANGE_LOOP_ANALYSIS = YES;
				CLANG_WARN_STRICT_PROTOTYPES = YES;
				CLANG_WARN_SUSPICIOUS_MOVE = YES;
				CLANG_WARN_UNGUARDED_AVAILABILITY = YES_AGGRESSIVE;
				CLANG_WARN_UNREACHABLE_CODE = YES;
				CLANG_WARN__DUPLICATE_METHOD_MATCH = YES;
				COPY_PHASE_STRIP = NO;
				DEBUG_INFORMATION_FORMAT = dwarf;
				ENABLE_STRICT_OBJC_MSGSEND = YES;
				ENABLE_TESTABILITY = YES;
				GCC_C_LANGUAGE_STANDARD = gnu11;
				GCC_DYNAMIC_NO_PIC = NO;
				GCC_NO_COMMON_BLOCKS = YES;
				GCC_OPTIMIZATION_LEVEL = 0;
				GCC_PREPROCESSOR_DEFINITIONS = (
					"DEBUG=1",
					"$(inherited)",
				);
				GCC_WARN_64_TO_32_BIT_CONVERSION = YES;
				GCC_WARN_ABOUT_RETURN_TYPE = YES_ERROR;
				GCC_WARN_UNDECLARED_SELECTOR = YES;
				GCC_WARN_UNINITIALIZED_AUTOS = YES_AGGRESSIVE;
				GCC_WARN_UNUSED_FUNCTION = YES;
				GCC_WARN_UNUSED_VARIABLE = YES;
				IPHONEOS_DEPLOYMENT_TARGET = 15.2;
				MTL_ENABLE_DEBUG_INFO = INCLUDE_SOURCE;
				MTL_FAST_MATH = YES;
				ONLY_ACTIVE_ARCH = YES;
				SDKROOT = iphoneos;
				SWIFT_ACTIVE_COMPILATION_CONDITIONS = DEBUG;
				SWIFT_OPTIMIZATION_LEVEL = "-Onone";
			};
			name = Debug;
		};
		C4AFFE1427FA6725004EEED4 /* Release */ = {
			isa = XCBuildConfiguration;
			buildSettings = {
				ALWAYS_SEARCH_USER_PATHS = NO;
				CLANG_ANALYZER_NONNULL = YES;
				CLANG_ANALYZER_NUMBER_OBJECT_CONVERSION = YES_AGGRESSIVE;
				CLANG_CXX_LANGUAGE_STANDARD = "gnu++17";
				CLANG_CXX_LIBRARY = "libc++";
				CLANG_ENABLE_MODULES = YES;
				CLANG_ENABLE_OBJC_ARC = YES;
				CLANG_ENABLE_OBJC_WEAK = YES;
				CLANG_WARN_BLOCK_CAPTURE_AUTORELEASING = YES;
				CLANG_WARN_BOOL_CONVERSION = YES;
				CLANG_WARN_COMMA = YES;
				CLANG_WARN_CONSTANT_CONVERSION = YES;
				CLANG_WARN_DEPRECATED_OBJC_IMPLEMENTATIONS = YES;
				CLANG_WARN_DIRECT_OBJC_ISA_USAGE = YES_ERROR;
				CLANG_WARN_DOCUMENTATION_COMMENTS = YES;
				CLANG_WARN_EMPTY_BODY = YES;
				CLANG_WARN_ENUM_CONVERSION = YES;
				CLANG_WARN_INFINITE_RECURSION = YES;
				CLANG_WARN_INT_CONVERSION = YES;
				CLANG_WARN_NON_LITERAL_NULL_CONVERSION = YES;
				CLANG_WARN_OBJC_IMPLICIT_RETAIN_SELF = YES;
				CLANG_WARN_OBJC_LITERAL_CONVERSION = YES;
				CLANG_WARN_OBJC_ROOT_CLASS = YES_ERROR;
				CLANG_WARN_QUOTED_INCLUDE_IN_FRAMEWORK_HEADER = YES;
				CLANG_WARN_RANGE_LOOP_ANALYSIS = YES;
				CLANG_WARN_STRICT_PROTOTYPES = YES;
				CLANG_WARN_SUSPICIOUS_MOVE = YES;
				CLANG_WARN_UNGUARDED_AVAILABILITY = YES_AGGRESSIVE;
				CLANG_WARN_UNREACHABLE_CODE = YES;
				CLANG_WARN__DUPLICATE_METHOD_MATCH = YES;
				COPY_PHASE_STRIP = NO;
				DEBUG_INFORMATION_FORMAT = "dwarf-with-dsym";
				ENABLE_NS_ASSERTIONS = NO;
				ENABLE_STRICT_OBJC_MSGSEND = YES;
				GCC_C_LANGUAGE_STANDARD = gnu11;
				GCC_NO_COMMON_BLOCKS = YES;
				GCC_WARN_64_TO_32_BIT_CONVERSION = YES;
				GCC_WARN_ABOUT_RETURN_TYPE = YES_ERROR;
				GCC_WARN_UNDECLARED_SELECTOR = YES;
				GCC_WARN_UNINITIALIZED_AUTOS = YES_AGGRESSIVE;
				GCC_WARN_UNUSED_FUNCTION = YES;
				GCC_WARN_UNUSED_VARIABLE = YES;
				IPHONEOS_DEPLOYMENT_TARGET = 15.2;
				MTL_ENABLE_DEBUG_INFO = NO;
				MTL_FAST_MATH = YES;
				SDKROOT = iphoneos;
				SWIFT_COMPILATION_MODE = wholemodule;
				SWIFT_OPTIMIZATION_LEVEL = "-O";
				VALIDATE_PRODUCT = YES;
			};
			name = Release;
		};
		C4AFFE1627FA6725004EEED4 /* Debug */ = {
			isa = XCBuildConfiguration;
			buildSettings = {
				ASSETCATALOG_COMPILER_APPICON_NAME = AppIcon;
				ASSETCATALOG_COMPILER_GLOBAL_ACCENT_COLOR_NAME = AccentColor;
				CODE_SIGN_ENTITLEMENTS = walk_the_dogs/walk_the_dogs.entitlements;
				CODE_SIGN_STYLE = Automatic;
				CURRENT_PROJECT_VERSION = 1;
				DEVELOPMENT_ASSET_PATHS = "\"walk_the_dogs/Preview Content\"";
				DEVELOPMENT_TEAM = UJ36S74MVC;
				ENABLE_PREVIEWS = YES;
				GENERATE_INFOPLIST_FILE = YES;
				INFOPLIST_KEY_NSHealthShareUsageDescription = "This app requires to access your health data";
				INFOPLIST_KEY_NSHealthUpdateUsageDescription = "This app requires to access your health data";
				INFOPLIST_KEY_UIApplicationSceneManifest_Generation = YES;
				INFOPLIST_KEY_UIApplicationSupportsIndirectInputEvents = YES;
				INFOPLIST_KEY_UILaunchScreen_Generation = YES;
				INFOPLIST_KEY_UISupportedInterfaceOrientations_iPad = "UIInterfaceOrientationPortrait UIInterfaceOrientationPortraitUpsideDown UIInterfaceOrientationLandscapeLeft UIInterfaceOrientationLandscapeRight";
				INFOPLIST_KEY_UISupportedInterfaceOrientations_iPhone = "UIInterfaceOrientationPortrait UIInterfaceOrientationLandscapeLeft UIInterfaceOrientationLandscapeRight";
				LD_RUNPATH_SEARCH_PATHS = (
					"$(inherited)",
					"@executable_path/Frameworks",
				);
				MARKETING_VERSION = 1.0;
				PRODUCT_BUNDLE_IDENTIFIER = "ca.centennialcollege.walk-the-dogs";
				PRODUCT_NAME = "$(TARGET_NAME)";
				SWIFT_EMIT_LOC_STRINGS = YES;
				SWIFT_VERSION = 5.0;
				TARGETED_DEVICE_FAMILY = 1;
			};
			name = Debug;
		};
		C4AFFE1727FA6725004EEED4 /* Release */ = {
			isa = XCBuildConfiguration;
			buildSettings = {
				ASSETCATALOG_COMPILER_APPICON_NAME = AppIcon;
				ASSETCATALOG_COMPILER_GLOBAL_ACCENT_COLOR_NAME = AccentColor;
				CODE_SIGN_ENTITLEMENTS = walk_the_dogs/walk_the_dogs.entitlements;
				CODE_SIGN_STYLE = Automatic;
				CURRENT_PROJECT_VERSION = 1;
				DEVELOPMENT_ASSET_PATHS = "\"walk_the_dogs/Preview Content\"";
				DEVELOPMENT_TEAM = UJ36S74MVC;
				ENABLE_PREVIEWS = YES;
				GENERATE_INFOPLIST_FILE = YES;
				INFOPLIST_KEY_NSHealthShareUsageDescription = "This app requires to access your health data";
				INFOPLIST_KEY_NSHealthUpdateUsageDescription = "This app requires to access your health data";
				INFOPLIST_KEY_UIApplicationSceneManifest_Generation = YES;
				INFOPLIST_KEY_UIApplicationSupportsIndirectInputEvents = YES;
				INFOPLIST_KEY_UILaunchScreen_Generation = YES;
				INFOPLIST_KEY_UISupportedInterfaceOrientations_iPad = "UIInterfaceOrientationPortrait UIInterfaceOrientationPortraitUpsideDown UIInterfaceOrientationLandscapeLeft UIInterfaceOrientationLandscapeRight";
				INFOPLIST_KEY_UISupportedInterfaceOrientations_iPhone = "UIInterfaceOrientationPortrait UIInterfaceOrientationLandscapeLeft UIInterfaceOrientationLandscapeRight";
				LD_RUNPATH_SEARCH_PATHS = (
					"$(inherited)",
					"@executable_path/Frameworks",
				);
				MARKETING_VERSION = 1.0;
				PRODUCT_BUNDLE_IDENTIFIER = "ca.centennialcollege.walk-the-dogs";
				PRODUCT_NAME = "$(TARGET_NAME)";
				SWIFT_EMIT_LOC_STRINGS = YES;
				SWIFT_VERSION = 5.0;
				TARGETED_DEVICE_FAMILY = 1;
			};
			name = Release;
		};
/* End XCBuildConfiguration section */

/* Begin XCConfigurationList section */
		C4AFFE0227FA6723004EEED4 /* Build configuration list for PBXProject "walk_the_dogs" */ = {
			isa = XCConfigurationList;
			buildConfigurations = (
				C4AFFE1327FA6724004EEED4 /* Debug */,
				C4AFFE1427FA6725004EEED4 /* Release */,
			);
			defaultConfigurationIsVisible = 0;
			defaultConfigurationName = Release;
		};
		C4AFFE1527FA6725004EEED4 /* Build configuration list for PBXNativeTarget "walk_the_dogs" */ = {
			isa = XCConfigurationList;
			buildConfigurations = (
				C4AFFE1627FA6725004EEED4 /* Debug */,
				C4AFFE1727FA6725004EEED4 /* Release */,
			);
			defaultConfigurationIsVisible = 0;
			defaultConfigurationName = Release;
		};
/* End XCConfigurationList section */

/* Begin XCRemoteSwiftPackageReference section */
		C4AFFE1A27FA67F1004EEED4 /* XCRemoteSwiftPackageReference "firebase-ios-sdk" */ = {
			isa = XCRemoteSwiftPackageReference;
			repositoryURL = "https://github.com/firebase/firebase-ios-sdk";
			requirement = {
				branch = master;
				kind = branch;
			};
		};
		C4CEB94B2803A43100B9110F /* XCRemoteSwiftPackageReference "NotificationBanner" */ = {
			isa = XCRemoteSwiftPackageReference;
			repositoryURL = "https://github.com/Daltron/NotificationBanner";
			requirement = {
				branch = master;
				kind = branch;
			};
		};
/* End XCRemoteSwiftPackageReference section */

/* Begin XCSwiftPackageProductDependency section */
		C4AFFE1B27FA67F1004EEED4 /* FirebaseAuth */ = {
			isa = XCSwiftPackageProductDependency;
			package = C4AFFE1A27FA67F1004EEED4 /* XCRemoteSwiftPackageReference "firebase-ios-sdk" */;
			productName = FirebaseAuth;
		};
		C4AFFE1D27FA67F1004EEED4 /* FirebaseFirestore */ = {
			isa = XCSwiftPackageProductDependency;
			package = C4AFFE1A27FA67F1004EEED4 /* XCRemoteSwiftPackageReference "firebase-ios-sdk" */;
			productName = FirebaseFirestore;
		};
		C4AFFE1F27FA67F1004EEED4 /* FirebaseFirestoreSwift-Beta */ = {
			isa = XCSwiftPackageProductDependency;
			package = C4AFFE1A27FA67F1004EEED4 /* XCRemoteSwiftPackageReference "firebase-ios-sdk" */;
			productName = "FirebaseFirestoreSwift-Beta";
		};
		C4CEB94C2803A43100B9110F /* NotificationBannerSwift */ = {
			isa = XCSwiftPackageProductDependency;
			package = C4CEB94B2803A43100B9110F /* XCRemoteSwiftPackageReference "NotificationBanner" */;
			productName = NotificationBannerSwift;
		};
/* End XCSwiftPackageProductDependency section */
	};
	rootObject = C4AFFDFF27FA6723004EEED4 /* Project object */;
}
